github.com/Financial-Times/annotations-rw-neo4j v0.0.0-20180302125331-e12b6cbadfa4 h1:MmFkGjyyMvVUzfnNnrVPyzM6JVDYjNHqbE+zPQ8b/hA=
github.com/Financial-Times/annotations-rw-neo4j v0.0.0-20180302125331-e12b6cbadfa4/go.mod h1:6di5WvJCaybB2fvUxCa8/j9qeEpDDlM6qxjhAZCUczQ=
github.com/Financial-Times/api-endpoint v0.0.0-20170612095945-d9f326a291cc h1:5GokJXpquFUXK2mnJh1wRKP1rgX6WiuXARx/8Yt/jmk=
github.com/Financial-Times/api-endpoint v0.0.0-20170612095945-d9f326a291cc/go.mod h1:qpLKxPcad+pl1zmQAMDCxwf4pDp+ggRmvKDDI5s6ZjU=
github.com/Financial-Times/base-ft-rw-app-go v0.0.0-20171010162315-74eab27b0c6d h1:p6erLN58Pymv7XgCzOnZaH2ZHJ+vNqH7dPPP2p6qNwo=
github.com/Financial-Times/base-ft-rw-app-go v0.0.0-20171010162315-74eab27b0c6d/go.mod h1:olJfPwdMPV/SJUrv4J+9gI9yaj7d24vXF2GNisFRCOg=
github.com/Financial-Times/concepts-rw-neo4j v0.0.0-20180622151448-e727e2e1d640 h1:Iv8VFzk9QWTWz3Y6iGci5A1ktBDWMUCrY5bRww9uUJ0=
github.com/Financial-Times/concepts-rw-neo4j v0.0.0-20180622151448-e727e2e1d640/go.mod h1:9W4IH/hxBJamlQZN8OlHyTposgnV/garS6r2FBBz7J4=
github.com/Financial-Times/content-rw-neo4j v0.0.0-20180613151118-5543bceb064c h1:6bCbSZnvwJduKl4B310hTPbndjNPj7QV719L0MM8cGY=
github.com/Financial-Times/content-rw-neo4j v0.0.0-20180613151118-5543bceb064c/go.mod h1:TU5tuPvdTnZ2yhW2+BAlXPk/bqh1B5PBqwqPiYyRTqE=
github.com/Financial-Times/go-fthealth v0.0.0-20171204124831-1b007e2b37b7 h1:dkf1EOTiHXA2lG2EJuePEim6y0HEOPt0hcqsT/qUr/k=
github.com/Financial-Times/go-fthealth v0.0.0-20171204124831-1b007e2b37b7/go.mod h1:gpAzq6W5rCheYlY32JOIxS/VjVcYHbC2PkMzQngHT9c=
github.com/Financial-Times/go-logger v0.0.0-20180323124113-febee6537e90 h1:U7wPaeMESlG0WVwOobaw4qv6I6s9F8b0SdmJKH3Vh6A=
github.com/Financial-Times/go-logger v0.0.0-20180323124113-febee6537e90/go.mod h1:NI4Dg39A21H57YC2nG8C42C6ENz/YVsI0jMQWngJzR0=
github.com/Financial-Times/go-logger v0.0.0-20190819131310-7119bed50209 h1:Y4/UqFREYJUpRzTRX23iEVjfhUHgeeITvbXiIJ36DhE=
github.com/Financial-Times/go-logger v0.0.0-20190819131310-7119bed50209/go.mod h1:NI4Dg39A21H57YC2nG8C42C6ENz/YVsI0jMQWngJzR0=
github.com/Financial-Times/go-logger/v2 v2.0.0-20190828115858-d8bf8a9331f8 h1:Bb3YErQMniHYL/rPjYxTP0td78FJ03knwUB4nCNpW1E=
github.com/Financial-Times/go-logger/v2 v2.0.0-20190828115858-d8bf8a9331f8/go.mod h1:Jpky5JYSX7xjGUClfA9hEMDmn40tUbfQQITjVIFGQiM=
github.com/Financial-Times/go-logger/v2 v2.0.0-20190911125735-cb7e597d49dd h1:Rmzbc9CJdrY9MP4hgmfjyWAycoYLce9pmNxfjIyZP48=
github.com/Financial-Times/go-logger/v2 v2.0.0-20190911125735-cb7e597d49dd/go.mod h1:Jpky5JYSX7xjGUClfA9hEMDmn40tUbfQQITjVIFGQiM=
github.com/Financial-Times/go-logger/v2 v2.0.0-20190912083702-aeff0296ae63 h1:Az71zo5dTFsgZh7X6R7kDtmFwg4lh+Wyhj54IB4HyR4=
github.com/Financial-Times/go-logger/v2 v2.0.0-20190912083702-aeff0296ae63/go.mod h1:Jpky5JYSX7xjGUClfA9hEMDmn40tUbfQQITjVIFGQiM=
github.com/Financial-Times/go-logger/v2 v2.0.0 h1:amSYqq+6KmOS5E0mg4BtnO+6zLQK9OSWAALxXaaf8wA=
github.com/Financial-Times/go-logger/v2 v2.0.0/go.mod h1:Jpky5JYSX7xjGUClfA9hEMDmn40tUbfQQITjVIFGQiM=
github.com/Financial-Times/http-handlers-go v0.0.0-20180517120644-2c20324ab887 h1:4qEj6CB6jF9eloZIV/SCS7mQ/9iyx+3Ru/w7m10c69w=
github.com/Financial-Times/http-handlers-go v0.0.0-20180517120644-2c20324ab887/go.mod h1:sAkXv1oPYgNTYBYsYs83HwpYp7R50mvgBGGcsOlJtOw=
github.com/Financial-Times/http-handlers-go v0.0.0-20190912120151-7895ef3e4137 h1:wZhxHtPoeEUYPaYMINeDvbV2yl1UE/LYaeQxDjQ0xxI=
github.com/Financial-Times/http-handlers-go v0.0.0-20190912120151-7895ef3e4137/go.mod h1:CZXXAjkdoEjLSkBQegsyquFAwzTjpQNyrev+qav3cQo=
github.com/Financial-Times/http-handlers-go v1.0.0 h1:JUM9sioLVCJrUpns2vxoeGPI3SmK1OcS59hQhVhKY9U=
github.com/Financial-Times/http-handlers-go v1.0.0/go.mod h1:MXwqEEyoKLYKgkyBEOoahXwYSuwrN18G7CqJLcrbyNc=
github.com/Financial-Times/neo-model-utils-go v0.0.0-20180316114420-a4260e67ed65 h1:5o6I2t7Z3Qx851RRDiTH4dqJ2VdCPEfVCN+fgfOf2T0=
github.com/Financial-Times/neo-model-utils-go v0.0.0-20180316114420-a4260e67ed65/go.mod h1:HdCuBcOftPWj3SBix/6H9NbPQpur9F7stSF0MEROMcU=
github.com/Financial-Times/neo-utils-go v0.0.0-20180510141130-bbb7b5cc0660 h1:HZFidcMUIai5WQUo4MN/QxlkpT7Vx3CNtU9Q+1EMvYE=
github.com/Financial-Times/neo-utils-go v0.0.0-20180510141130-bbb7b5cc0660/go.mod h1:LF1qICt4PuWDINYtXL4WXU595WTKReIBwV6obcncNBI=
github.com/Financial-Times/service-status-go v0.0.0-20160323111542-3f5199736a3d h1:USNBTIof6vWGM49SYrxvC5Y8NqyDL3YuuYmID81ORZQ=
github.com/Financial-Times/service-status-go v0.0.0-20160323111542-3f5199736a3d/go.mod h1:7zULC9rrq6KxFkpB3Y5zNVaEwrf1g2m3dvXJBPDXyvM=
github.com/Financial-Times/transactionid-utils-go v0.2.0 h1:YcET5Hd1fUGWWpQSVszYUlAc15ca8tmjRetUuQKRqEQ=
github.com/Financial-Times/transactionid-utils-go v0.2.0/go.mod h1:tPAcAFs/dR6Q7hBDGNyUyixHRvg/n9NW/JTq8C58oZ0=
github.com/Financial-Times/up-rw-app-api-go v0.0.0-20170710125828-d9d93a1f6895 h1:UkmfGpvzyZAnwhPq95hKHg0MjSo2fRUxAIwnx/7JFos=
github.com/Financial-Times/up-rw-app-api-go v0.0.0-20170710125828-d9d93a1f6895/go.mod h1:4gFzx5u4779W7H0DI9EO25+kyLDVlDQPHFQwprijX8Y=
github.com/Financial-Times/upp-micro-kit v0.0.0-20190819074855-56b8013adc63 h1:emEe20jnOsDLhr4v6KMK/NJ/J1Ih6iTu7y6Eda9ugfA=
github.com/Financial-Times/upp-micro-kit v0.0.0-20190819074855-56b8013adc63/go.mod h1:Urr+6SP6MY1ElWsZS2s4dmbdhxTmCN4+NP5whj7hctQ=
github.com/Financial-Times/upp-micro-kit v0.0.0-20190829071238-02b0ba42c674 h1:XN4KrLTjzOYpgofXGPJ+HO+4n9y7qqgGVDbvVi+AIZk=
github.com/Financial-Times/upp-micro-kit v0.0.0-20190829071238-02b0ba42c674/go.mod h1:RKlfW3T6vDYHbf308w0UAPjnXppfhL8I0Mcy3nHwS+U=
github.com/bradfitz/slice v0.0.0-20160823171949-d9036e2120b5 h1:i2YH7UF+OLvc168kF3/xPUppI6ukksCg9QPtTMgqTIY=
github.com/bradfitz/slice v0.0.0-20160823171949-d9036e2120b5/go.mod h1:pccXHIvs3TV/TUqSNyEvF99sxjX2r4FFRIyw6TZY9+w=
github.com/cyberdelia/go-metrics-graphite v0.0.0-20161219230853-39f87cc3b432 h1:M5QgkYacWj0Xs8MhpIK/5uwU02icXpEoSo9sM2aRCps=
github.com/cyberdelia/go-metrics-graphite v0.0.0-20161219230853-39f87cc3b432/go.mod h1:xwIwAxMvYnVrGJPe2FKx5prTrnAjGOD8zvDOnxnrrkM=
github.com/davecgh/go-spew v0.0.0-20170829195320-a47672248388/go.mod h1:J7Y8YcW2NihsgmVo/mv3lAwl/skON4iLHjSsI+c5H38=
github.com/davecgh/go-spew v1.1.0 h1:ZDRjVQ15GmhC3fiQ8ni8+OwkZQO4DARzQgrnXU1Liz8=
github.com/davecgh/go-spew v1.1.0/go.mod h1:J7Y8YcW2NihsgmVo/mv3lAwl/skON4iLHjSsI+c5H38=
github.com/davecgh/go-spew v1.1.1-0.20170711183451-adab96458c51/go.mod h1:J7Y8YcW2NihsgmVo/mv3lAwl/skON4iLHjSsI+c5H38=
github.com/davecgh/go-spew v1.1.1 h1:vj9j/u1bqnvCEfJOwUhtlOARqs3+rkHYY13jYWTU97c=
github.com/davecgh/go-spew v1.1.1/go.mod h1:J7Y8YcW2NihsgmVo/mv3lAwl/skON4iLHjSsI+c5H38=
github.com/fsnotify/fsnotify v1.4.7 h1:IXs+QLmnXW2CcXuY+8Mzv/fWEsPGWxqefPtCP5CnV9I=
github.com/fsnotify/fsnotify v1.4.7/go.mod h1:jwhsz4b93w/PPRr/qN1Yymfu8t87LnFCMoQvtojpjFo=
github.com/golang/protobuf v1.2.0 h1:P3YflyNX/ehuJFLhxviNdFxQPkGK5cDcApsge1SqnvM=
github.com/golang/protobuf v1.2.0/go.mod h1:6lQm79b+lXiMfvg/cZm0SGofjICqVBUtrP5yJMmIC1U=
github.com/gorilla/context v1.1.1 h1:AWwleXJkX/nhcU9bZSnZoi3h/qGYqQAGhq6zZe/aQW8=
github.com/gorilla/context v1.1.1/go.mod h1:kBGZzfjB9CEq2AlWe17Uuf7NDRt0dE0s8S51q0aT7Yg=
github.com/gorilla/handlers v1.3.0 h1:tsg9qP3mjt1h4Roxp+M1paRjrVBfPSOpBuVclh6YluI=
github.com/gorilla/handlers v1.3.0/go.mod h1:Qkdc/uu4tH4g6mTK6auzZ766c4CA0Ng8+o/OAirnOIQ=
github.com/gorilla/mux v1.6.2 h1:Pgr17XVTNXAk3q/r4CpKzC5xBM/qW1uVLV+IhRZpIIk=
github.com/gorilla/mux v1.6.2/go.mod h1:1lud6UwP+6orDFRuTfBEV8e9/aOM/c4fVVCaMa2zaAs=
github.com/hashicorp/go-version v0.0.0-20180322230233-23480c066577 h1:at4+18LrM8myamuV7/vT6x2s1JNXp2k4PsSbt4I02X4=
github.com/hashicorp/go-version v0.0.0-20180322230233-23480c066577/go.mod h1:fltr4n8CU8Ke44wwGCBoEymUuxUHl09ZGVZPK5anwXA=
github.com/hpcloud/tail v1.0.0 h1:nfCOvKYfkgYP8hkirhJocXT2+zOD8yUNjXaWfTlyFKI=
github.com/hpcloud/tail v1.0.0/go.mod h1:ab1qPbhIpdTxEkNHXyeSf5vhxWSCs/tWer42PpOxQnU=
github.com/jawher/mow.cli v1.0.4 h1:hKjm95J7foZ2ngT8tGb15Aq9rj751R7IUDjG+5e3cGA=
github.com/jawher/mow.cli v1.0.4/go.mod h1:5hQj2V8g+qYmLUVWqu4Wuja1pI57M83EChYLVZ0sMKk=
github.com/jmcvetta/neoism v1.3.1 h1:GCFSl/90OYwEQH5LML/Vy6UlwK4SZ2OIO278UI4K7DE=
github.com/jmcvetta/neoism v1.3.1/go.mod h1:oo187spiW9p7dZGW+sMS+rOICd2fqFT9Oc/LdrFz7Kg=
github.com/jmcvetta/randutil v0.0.0-20150817122601-2bb1b664bcff h1:6NvhExg4omUC9NfA+l4Oq3ibNNeJUdiAF3iBVB0PlDk=
github.com/jmcvetta/randutil v0.0.0-20150817122601-2bb1b664bcff/go.mod h1:ddfPX8Z28YMjiqoaJhNBzWHapTHXejnB5cDCUWDwriw=
github.com/joho/godotenv v1.2.0 h1:vGTvz69FzUFp+X4/bAkb0j5BoLC+9bpqTWY8mjhA9pc=
github.com/joho/godotenv v1.2.0/go.mod h1:7hK45KPybAkOC6peb+G5yklZfMxEjkZhHbwpqxOKXbg=
github.com/konsorten/go-windows-terminal-sequences v1.0.1 h1:mweAR1A6xJ3oS2pRaGiHgQ4OO8tzTaLawm8vnODuwDk=
github.com/konsorten/go-windows-terminal-sequences v1.0.1/go.mod h1:T0+1ngSBFLxvqU3pZ+m/2kptfBszLMUkC4ZK/EgS/cQ=
github.com/kr/pretty v0.1.0 h1:L/CwN0zerZDmRFUapSPitk6f+Q3+0za1rQkzVuMiMFI=
github.com/kr/pretty v0.1.0/go.mod h1:dAy3ld7l9f0ibDNOQOHHMYYIIbhfbHSm3C4ZsoJORNo=
github.com/kr/pty v1.1.1/go.mod h1:pFQYn66WHrOpPYNljwOMqo10TkYh1fy3cYio2l3bCsQ=
github.com/kr/text v0.1.0 h1:45sCR5RtlFHMR4UwH9sdQ5TC8v0qDQCHnXt+kaKSTVE=
github.com/kr/text v0.1.0/go.mod h1:4Jbv+DJW3UT/LiOwJeYQe1efqtUx/iVham/4vfdArNI=
github.com/mitchellh/hashstructure v0.0.0-20170609045927-2bca23e0e452 h1:hOY53G+kBFhbYFpRVxHl5eS7laP6B1+Cq+Z9Dry1iMU=
github.com/mitchellh/hashstructure v0.0.0-20170609045927-2bca23e0e452/go.mod h1:QjSHrPWS+BGUVBYkbTZWEnOh3G1DutKwClXU/ABz6AQ=
github.com/onsi/ginkgo v1.6.0/go.mod h1:lLunBs/Ym6LB5Z9jYTR76FiuTmxDTDusOGeTQH+WWjE=
github.com/onsi/ginkgo v1.9.0 h1:SZjF721BByVj8QH636/8S2DnX4n0Re3SteMmw3N+tzc=
github.com/onsi/ginkgo v1.9.0/go.mod h1:lLunBs/Ym6LB5Z9jYTR76FiuTmxDTDusOGeTQH+WWjE=
github.com/onsi/gomega v1.6.0 h1:8XTW0fcJZEq9q+Upcyws4JSGua2MFysCL5xkaSgHc+M=
github.com/onsi/gomega v1.6.0/go.mod h1:ex+gbHU/CVuBBDIJjb2X0qEXbFg53c61hWP/1CpauHY=
github.com/pmezard/go-difflib v1.0.0 h1:4DBwDE0NGyQoBHbLQYPwSUPoCMWR5BEzIk/f1lZbAQM=
github.com/pmezard/go-difflib v1.0.0/go.mod h1:iKH77koFhYxTK1pcRnkKkqfTogsbg7gZNVY4sRDYZ/4=
github.com/rcrowley/go-metrics v0.0.0-20161128210544-1f30fe9094a5/go.mod h1:bCqnVzQkZxMG4s8nGwiZ5l3QUCyqpo9Y+/ZMZ9VjZe4=
github.com/rcrowley/go-metrics v0.0.0-20180503174638-e2704e165165 h1:nkcn14uNmFEuGCb2mBZbBb24RdNRL08b/wb+xBOYpuk=
github.com/rcrowley/go-metrics v0.0.0-20180503174638-e2704e165165/go.mod h1:bCqnVzQkZxMG4s8nGwiZ5l3QUCyqpo9Y+/ZMZ9VjZe4=
github.com/rcrowley/go-metrics v0.0.0-20190706150252-9beb055b7962 h1:eUm8ma4+yPknhXtkYlWh3tMkE6gBjXZToDned9s2gbQ=
github.com/rcrowley/go-metrics v0.0.0-20190706150252-9beb055b7962/go.mod h1:bCqnVzQkZxMG4s8nGwiZ5l3QUCyqpo9Y+/ZMZ9VjZe4=
github.com/sirupsen/logrus v1.0.5 h1:8c8b5uO0zS4X6RPl/sd1ENwSkIc0/H2PaHxE3udaE8I=
github.com/sirupsen/logrus v1.0.5/go.mod h1:pMByvHTf9Beacp5x1UXfOR9xyW/9antXMhjMPG0dEzc=
github.com/sirupsen/logrus v1.4.2 h1:SPIRibHv4MatM3XXNO2BJeFLZwZ2LvZgfQ5+UNI2im4=
github.com/sirupsen/logrus v1.4.2/go.mod h1:tLMulIdttU9McNUspp0xgXVQah82FyeX6MwdIuYE2rE=
github.com/stretchr/objx v0.1.1 h1:2vfRuCMp5sSVIDSqO8oNnWJq7mPa6KVP3iPIwFBuy8A=
github.com/stretchr/objx v0.1.1/go.mod h1:HFkY916IF+rwdDfMAkV7OtwuqBVzrE8GR6GFx+wExME=
github.com/stretchr/testify v0.0.0-20170809224252-890a5c3458b4/go.mod h1:a8OnRcib4nhh0OaRAV+Yts87kKdq0PP7pXfy6kDkUVs=
github.com/stretchr/testify v1.1.4/go.mod h1:a8OnRcib4nhh0OaRAV+Yts87kKdq0PP7pXfy6kDkUVs=
github.com/stretchr/testify v1.2.2 h1:bSDNvY7ZPG5RlJ8otE/7V6gMiyenm9RtJ7IUVIAoJ1w=
github.com/stretchr/testify v1.2.2/go.mod h1:a8OnRcib4nhh0OaRAV+Yts87kKdq0PP7pXfy6kDkUVs=
go4.org v0.0.0-20190313082347-94abd6928b1d h1:JkRdGP3zvTtTbabWSAC6n67ka30y7gOzWAah4XYJSfw=
go4.org v0.0.0-20190313082347-94abd6928b1d/go.mod h1:MkTOUMDaeVYJUOUsaDXIhWPZYa1yOyC1qaOBpL57BhE=
golang.org/x/crypto v0.0.0-20170825220121-81e90905daef/go.mod h1:6SG95UA2DQfeDnfUPMdvaQW0Q7yPrPDi9nlGo2tz2b4=
golang.org/x/crypto v0.0.0-20180621125126-a49355c7e3f8 h1:h7zdf0RiEvWbYBKIx4b+q41xoUVnMmvsGZnIVE5syG8=
golang.org/x/crypto v0.0.0-20180621125126-a49355c7e3f8/go.mod h1:6SG95UA2DQfeDnfUPMdvaQW0Q7yPrPDi9nlGo2tz2b4=
golang.org/x/crypto v0.0.0-20190308221718-c2843e01d9a2/go.mod h1:djNgcEr1/C05ACkg1iLfiJU5Ep61QUkGW8qpdssI0+w=
golang.org/x/net v0.0.0-20180906233101-161cd47e91fd h1:nTDtHvHSdCn1m6ITfMRqtOd/9+7a3s8RBNOZ3eYZzJA=
golang.org/x/net v0.0.0-20180906233101-161cd47e91fd/go.mod h1:mL1N/T3taQHkDXs73rZJwtUhF3w3ftmwwsq0BUmARs4=
golang.org/x/net v0.0.0-20190813141303-74dc4d7220e7 h1:fHDIZ2oxGnUZRN6WgWFCbYBjH9uqVPRCUVUDhs0wnbA=
golang.org/x/net v0.0.0-20190813141303-74dc4d7220e7/go.mod h1:z5CRVTTTmAJ677TzLLGU+0bjPO0LkuOLi4/5GtJWs/s=
golang.org/x/sync v0.0.0-20180314180146-1d60e4601c6f h1:wMNYb4v58l5UBM7MYRLPG6ZhfOqbKu7X5eyFl8ZhKvA=
golang.org/x/sync v0.0.0-20180314180146-1d60e4601c6f/go.mod h1:RxMgew5VJxzue5/jJTE5uejpjVlOe/izrB70Jof72aM=
golang.org/x/sys v0.0.0-20180909124046-d0be0721c37e h1:o3PsSEY8E4eXWkXrIP9YJALUkVZqzHJT5DOasTyn8Vs=
golang.org/x/sys v0.0.0-20180909124046-d0be0721c37e/go.mod h1:STP8DvDyc/dI5b8T5hshtkjS+E42TnysNCUPdjciGhY=
golang.org/x/sys v0.0.0-20190215142949-d0b11bdaac8a/go.mod h1:STP8DvDyc/dI5b8T5hshtkjS+E42TnysNCUPdjciGhY=
golang.org/x/sys v0.0.0-20190422165155-953cdadca894 h1:Cz4ceDQGXuKRnVBDTS23GTn/pU5OE2C0WrNTOYK1Uuc=
golang.org/x/sys v0.0.0-20190422165155-953cdadca894/go.mod h1:h1NjWce9XRLGQEsW7wpKNCjG9DtNlClVuFLEZdDNbEs=
golang.org/x/text v0.3.0 h1:g61tztE5qeGQ89tm6NTjjM9VPIm088od1l6aSorWRWg=
golang.org/x/text v0.3.0/go.mod h1:NqM8EUOU14njkJ3fqMW+pc6Ldnwhi/IjpwHt7yyuwOQ=
gopkg.in/airbrake/gobrake.v2 v2.0.9 h1:7z2uVWwn7oVeeugY1DtlPAy5H+KYgB1KeKTnqjNatLo=
gopkg.in/airbrake/gobrake.v2 v2.0.9/go.mod h1:/h5ZAUhDkGaJfjzjKLSjv6zCL6O0LLBxU4K+aSYdM/U=
gopkg.in/check.v1 v0.0.0-20161208181325-20d25e280405 h1:yhCVgyC4o1eVCa2tZl7eS0r+SDo693bJlVdllGtEeKM=
gopkg.in/check.v1 v0.0.0-20161208181325-20d25e280405/go.mod h1:Co6ibVJAznAaIkqp8huTwlJQCZ016jof/cbN4VW5Yz0=
gopkg.in/fsnotify.v1 v1.4.7 h1:xOHLXZwVvI9hhs+cLKq5+I5onOuwQLhQwiu63xxlHs4=
gopkg.in/fsnotify.v1 v1.4.7/go.mod h1:Tz8NjZHkW78fSQdbUxIjBTcgA1z1m8ZHf0WmKUhAMys=
gopkg.in/gemnasium/logrus-airbrake-hook.v2 v2.1.2 h1:OAj3g0cR6Dx/R07QgQe8wkA9RNjB2u4i700xBkIT4e0=
gopkg.in/gemnasium/logrus-airbrake-hook.v2 v2.1.2/go.mod h1:Xk6kEKp8OKb+X14hQBKWaSkCsqBpgog8nAV2xsGOxlo=
gopkg.in/jmcvetta/napping.v3 v3.2.0 h1:NpSZLAL6VgiyhdqaOkxwVtHXOLrQJZ6fFOMQgp7G8PQ=
gopkg.in/jmcvetta/napping.v3 v3.2.0/go.mod h1:0dPR4/IGM4+xGT+e48O2yJlg6qofrONCtEAWkurVlZQ=
gopkg.in/tomb.v1 v1.0.0-20141024135613-dd632973f1e7 h1:uRGJdciOHaEIrze2W8Q3AKkepLTh2hOroT7a+7czfdQ=
gopkg.in/tomb.v1 v1.0.0-20141024135613-dd632973f1e7/go.mod h1:dt/ZhP58zS4L8KSrWDmTeBkI65Dw0HsyUHuEVlX15mw=
gopkg.in/yaml.v2 v2.2.1 h1:mUhvW9EsL+naU5Q3cakzfE91YhliOondGd6ZrsDBHQE=
gopkg.in/yaml.v2 v2.2.1/go.mod h1:hI93XBmqTisBFMUTm0b8Fm+jr3Dg1NNxqwp+5A1VGuI=
