# This file is autogenerated, do not edit; changes may be undone by the next 'dep ensure'.


[[projects]]
  name = "github.com/Financial-Times/annotations-rw-neo4j"
  packages = ["annotations"]
  revision = "e12b6cbadfa4fc89efd8d531f831efd442705512"
  version = "2.2.1"

[[projects]]
  name = "github.com/Financial-Times/base-ft-rw-app-go"
  packages = ["baseftrwapp"]
  revision = "0800bf5938ecfb4d343ac396117287d289242c8f"
  version = "1.0.2"

[[projects]]
  name = "github.com/Financial-Times/concepts-rw-neo4j"
  packages = ["concepts"]
  revision = "d49a23fd8c0b2b25d28af1f87d23f57937f7764e"
  version = "1.9.0"

[[projects]]
  name = "github.com/Financial-Times/content-rw-neo4j"
  packages = ["content"]
  revision = "315eb09dc04b493198b76a4a32b0d4b198806c01"
  version = "2.0.0"

[[projects]]
  name = "github.com/Financial-Times/go-fthealth"
  packages = ["v1_1"]
  revision = "1b007e2b37b7936dfb6671fa17e5a29fd35a08ea"
  version = "0.4.0"

[[projects]]
  name = "github.com/Financial-Times/go-logger"
  packages = ["."]
  revision = "febee6537e90971bab6f6fe60b71b4a0562dcab3"
  version = "0.0.4"

[[projects]]
  name = "github.com/Financial-Times/http-handlers-go"
  packages = ["httphandlers"]
  revision = "229ac16f1d9ec9bca485d2dafb9ec14dc7e9ba24"
  version = "0.1.1"

[[projects]]
  name = "github.com/Financial-Times/neo-model-utils-go"
  packages = ["mapper"]
  revision = "a4260e67ed65bb877cc74a8c71f2f1abc226a335"
  version = "0.3.3"

[[projects]]
  name = "github.com/Financial-Times/neo-utils-go"
  packages = ["neoutils"]
  revision = "5cb1750096545b3c8f7384326247e3e30996a905"
  version = "1.0.2"

[[projects]]
  name = "github.com/Financial-Times/service-status-go"
  packages = [
    "buildinfo",
    "gtg",
    "httphandlers"
  ]
  revision = "3f5199736a3d7ae52394c63aac36834786825e21"
  version = "0.1.0"

[[projects]]
  name = "github.com/Financial-Times/transactionid-utils-go"
  packages = ["."]
  revision = "df2f00c734957c9dd651ce23ab0e0902504c7636"
  version = "v0.2.0"

[[projects]]
  name = "github.com/Financial-Times/up-rw-app-api-go"
  packages = ["rwapi"]
  revision = "d9d93a1f689538313d12fee6f5f10715cfe280e0"
  version = "1.0.0"

[[projects]]
  branch = "master"
  name = "github.com/bradfitz/slice"
  packages = ["."]
  revision = "d9036e2120b5ddfa53f3ebccd618c4af275f47da"

[[projects]]
  branch = "master"
  name = "github.com/cyberdelia/go-metrics-graphite"
  packages = ["."]
  revision = "39f87cc3b432bbb898d7c643c0e93cac2bc865ad"

[[projects]]
  name = "github.com/davecgh/go-spew"
  packages = ["spew"]
  revision = "346938d642f2ec3594ed81d874461961cd0faa76"
  version = "v1.1.0"

[[projects]]
  name = "github.com/gorilla/context"
  packages = ["."]
  revision = "08b5f424b9271eedf6f9f0ce86cb9396ed337a42"
  version = "v1.1.1"

[[projects]]
  name = "github.com/gorilla/handlers"
  packages = ["."]
  revision = "a4d79d4487c2430a17d9dc8a1f74d1a6ed6908ca"

[[projects]]
  name = "github.com/gorilla/mux"
  packages = ["."]
  revision = "bcd8bc72b08df0f70df986b97f95590779502d31"
  version = "v1.4.0"

[[projects]]
  name = "github.com/hashicorp/go-version"
  packages = ["."]
  revision = "03c5bf6be031b6dd45afec16b1cf94fc8938bc77"

[[projects]]
  name = "github.com/jawher/mow.cli"
  packages = ["."]
  revision = "a459d5906bb7a9c5eda7c4d02eec7c541120226e"
  version = "v1.0.1"

[[projects]]
  branch = "refactor/bring-to-date"
  name = "github.com/jmcvetta/neoism"
  packages = ["."]
  revision = "0de0617bae8eb5f72e94b3fbfc7f06c857f7eef5"
  source = "github.com/Financial-Times/neoism"

[[projects]]
  branch = "master"
  name = "github.com/jmcvetta/randutil"
  packages = ["."]
  revision = "2bb1b664bcff821e02b2a0644cd29c7e824d54f8"

[[projects]]
  name = "github.com/joho/godotenv"
  packages = [
    ".",
    "autoload"
  ]
  revision = "c9360df4d16dc0e391ea2f28da2d31a9ede2e26f"

[[projects]]
  name = "github.com/kr/pretty"
  packages = ["."]
  revision = "73f6ac0b30a98e433b289500d779f50c1a6f0712"
  version = "v0.1.0"

[[projects]]
  name = "github.com/kr/text"
  packages = ["."]
  revision = "7cafcd837844e784b526369c9bce262804aebc60"

[[projects]]
  branch = "master"
  name = "github.com/mitchellh/hashstructure"
  packages = ["."]
  revision = "2bca23e0e452137f789efbc8610126fd8b94f73b"

[[projects]]
  name = "github.com/pmezard/go-difflib"
  packages = ["difflib"]
  revision = "792786c7400a136282c1664665ae0a8db921c6c2"
  version = "v1.0.0"

[[projects]]
  name = "github.com/rcrowley/go-metrics"
  packages = ["."]
  revision = "1f30fe9094a513ce4c700b9a54458bbb0c96996c"

[[projects]]
  name = "github.com/sirupsen/logrus"
  packages = ["."]
  revision = "89742aefa4b206dcf400792f3bd35b542998eb3b"

[[projects]]
  name = "github.com/stretchr/objx"
  packages = ["."]
  revision = "477a77ecc69700c7cdeb1fa9e129548e1c1c393c"
  version = "v0.1.1"

[[projects]]
  name = "github.com/stretchr/testify"
  packages = [
    "assert",
    "mock",
    "require",
    "suite"
  ]
  revision = "f35b8ab0b5a2cef36673838d662e249dd9c94686"
  version = "v1.2.2"

[[projects]]
  name = "go4.org"
  packages = [
    "osutil",
    "reflectutil"
  ]
  revision = "034d17a462f7b2dcd1a4a73553ec5357ff6e6c6e"

[[projects]]
  name = "golang.org/x/crypto"
  packages = ["ssh/terminal"]
  revision = "81e90905daefcd6fd217b62423c0908922eadb30"

[[projects]]
  name = "golang.org/x/net"
  packages = ["context"]
  revision = "66aacef3dd8a676686c7ae3716979581e8b03c47"

[[projects]]
  name = "golang.org/x/sys"
  packages = [
    "unix",
    "windows"
  ]
  revision = "7ddbeae9ae08c6a06a59597f0c9edbc5ff2444ce"

[[projects]]
  name = "gopkg.in/jmcvetta/napping.v3"
  packages = ["."]
  revision = "4c7b4b235c63152afa9a1c6384e708e0fbfd77ca"
  version = "v3.2.0"

[solve-meta]
  analyzer-name = "dep"
  analyzer-version = 1
  inputs-digest = "727a52664a0ac15c013cb70605085a782290bc020c8d29e75b31d289fa66ed4d"
  solver-name = "gps-cdcl"
  solver-version = 1
